
Microsoft Visual Studio Solution File, Format Version 12.00
# Visual Studio Version 16
VisualStudioVersion = 16.0.28803.352
MinimumVisualStudioVersion = 10.0.40219.1
Project("{2150E333-8FDC-42A3-9474-1A3956D46DE8}") = "Services", "Services", "{BA1F36B0-8000-4A20-AD26-EE0B551091D5}"
EndProject
Project("{2150E333-8FDC-42A3-9474-1A3956D46DE8}") = "Catalog", "Catalog", "{C64ED1B0-8A0A-42B8-ADE6-15CDED2E5707}"
EndProject
Project("{9A19103F-16F7-4668-BE54-9A1E7A4F7556}") = "Catalog.API", "Services\Catalog\Catalog.API\Catalog.API.csproj", "{4CF35FE8-D27C-4F29-B1AE-A3F2B949EF94}"
EndProject
Project("{E53339B2-1760-4266-BCC7-CA923CBCF16C}") = "docker-compose", "docker-compose.dcproj", "{34102E50-396B-4713-A559-1EF1199C0E77}"
EndProject
Project("{2150E333-8FDC-42A3-9474-1A3956D46DE8}") = "Basket", "Basket", "{D61E9BB3-82F5-485A-84C7-DF3E0BC84B88}"
EndProject
Project("{9A19103F-16F7-4668-BE54-9A1E7A4F7556}") = "Basket.API", "Services\Basket\Basket.API\Basket.API.csproj", "{267A64AF-F85A-433E-82FA-70BF59282177}"
EndProject
Project("{2150E333-8FDC-42A3-9474-1A3956D46DE8}") = "Discount", "Discount", "{393CA5A0-E5D8-4573-8C9B-FA1A543BD644}"
EndProject
Project("{9A19103F-16F7-4668-BE54-9A1E7A4F7556}") = "Discount.API", "Services\Discount\Discount.API\Discount.API.csproj", "{55149E47-3BCD-4E80-BD79-561CC006FC7B}"
EndProject
Project("{FAE04EC0-301F-11D3-BF4B-00C04F79EFBC}") = "Discount.Grpc", "Services\Discount\Discount.Grpc\Discount.Grpc.csproj", "{4AF3FADD-0F5C-4C48-BC13-14391FD4BEA2}"
EndProject
Global
	GlobalSection(SolutionConfigurationPlatforms) = preSolution
		Debug|Any CPU = Debug|Any CPU
		Release|Any CPU = Release|Any CPU
	EndGlobalSection
	GlobalSection(ProjectConfigurationPlatforms) = postSolution
		{4CF35FE8-D27C-4F29-B1AE-A3F2B949EF94}.Debug|Any CPU.ActiveCfg = Debug|Any CPU
		{4CF35FE8-D27C-4F29-B1AE-A3F2B949EF94}.Debug|Any CPU.Build.0 = Debug|Any CPU
		{4CF35FE8-D27C-4F29-B1AE-A3F2B949EF94}.Release|Any CPU.ActiveCfg = Release|Any CPU
		{4CF35FE8-D27C-4F29-B1AE-A3F2B949EF94}.Release|Any CPU.Build.0 = Release|Any CPU
		{34102E50-396B-4713-A559-1EF1199C0E77}.Debug|Any CPU.ActiveCfg = Debug|Any CPU
		{34102E50-396B-4713-A559-1EF1199C0E77}.Debug|Any CPU.Build.0 = Debug|Any CPU
		{34102E50-396B-4713-A559-1EF1199C0E77}.Release|Any CPU.ActiveCfg = Release|Any CPU
		{34102E50-396B-4713-A559-1EF1199C0E77}.Release|Any CPU.Build.0 = Release|Any CPU
		{267A64AF-F85A-433E-82FA-70BF59282177}.Debug|Any CPU.ActiveCfg = Debug|Any CPU
		{267A64AF-F85A-433E-82FA-70BF59282177}.Debug|Any CPU.Build.0 = Debug|Any CPU
		{267A64AF-F85A-433E-82FA-70BF59282177}.Release|Any CPU.ActiveCfg = Release|Any CPU
		{267A64AF-F85A-433E-82FA-70BF59282177}.Release|Any CPU.Build.0 = Release|Any CPU
		{55149E47-3BCD-4E80-BD79-561CC006FC7B}.Debug|Any CPU.ActiveCfg = Debug|Any CPU
		{55149E47-3BCD-4E80-BD79-561CC006FC7B}.Debug|Any CPU.Build.0 = Debug|Any CPU
		{55149E47-3BCD-4E80-BD79-561CC006FC7B}.Release|Any CPU.ActiveCfg = Release|Any CPU
		{55149E47-3BCD-4E80-BD79-561CC006FC7B}.Release|Any CPU.Build.0 = Release|Any CPU
		{4AF3FADD-0F5C-4C48-BC13-14391FD4BEA2}.Debug|Any CPU.ActiveCfg = Debug|Any CPU
		{4AF3FADD-0F5C-4C48-BC13-14391FD4BEA2}.Debug|Any CPU.Build.0 = Debug|Any CPU
		{4AF3FADD-0F5C-4C48-BC13-14391FD4BEA2}.Release|Any CPU.ActiveCfg = Release|Any CPU
		{4AF3FADD-0F5C-4C48-BC13-14391FD4BEA2}.Release|Any CPU.Build.0 = Release|Any CPU
	EndGlobalSection
	GlobalSection(SolutionProperties) = preSolution
		HideSolutionNode = FALSE
	EndGlobalSection
	GlobalSection(NestedProjects) = preSolution
		{C64ED1B0-8A0A-42B8-ADE6-15CDED2E5707} = {BA1F36B0-8000-4A20-AD26-EE0B551091D5}
		{4CF35FE8-D27C-4F29-B1AE-A3F2B949EF94} = {C64ED1B0-8A0A-42B8-ADE6-15CDED2E5707}
		{D61E9BB3-82F5-485A-84C7-DF3E0BC84B88} = {BA1F36B0-8000-4A20-AD26-EE0B551091D5}
		{267A64AF-F85A-433E-82FA-70BF59282177} = {D61E9BB3-82F5-485A-84C7-DF3E0BC84B88}
		{393CA5A0-E5D8-4573-8C9B-FA1A543BD644} = {BA1F36B0-8000-4A20-AD26-EE0B551091D5}
		{55149E47-3BCD-4E80-BD79-561CC006FC7B} = {393CA5A0-E5D8-4573-8C9B-FA1A543BD644}
		{4AF3FADD-0F5C-4C48-BC13-14391FD4BEA2} = {393CA5A0-E5D8-4573-8C9B-FA1A543BD644}
	EndGlobalSection
	GlobalSection(ExtensibilityGlobals) = postSolution
		SolutionGuid = {82F5D719-C4A3-4FBF-A777-A3F3C59372C4}
	EndGlobalSection
EndGlobal
